
Microsoft Visual Studio Solution File, Format Version 12.00
# Visual Studio Version 16
VisualStudioVersion = 16.0.30907.101
MinimumVisualStudioVersion = 10.0.40219.1
Project("{FAE04EC0-301F-11D3-BF4B-00C04F79EFBC}") = "BasicClassesExercise", "BasicClassesExercise\BasicClassesExercise.csproj", "{57BDAB08-F208-4958-B2F8-8AB7BEE6DA8C}"
EndProject
Global
	GlobalSection(SolutionConfigurationPlatforms) = preSolution
		Debug|Any CPU = Debug|Any CPU
		Release|Any CPU = Release|Any CPU
	EndGlobalSection
	GlobalSection(ProjectConfigurationPlatforms) = postSolution
		{57BDAB08-F208-4958-B2F8-8AB7BEE6DA8C}.Debug|Any CPU.ActiveCfg = Debug|Any CPU
		{57BDAB08-F208-4958-B2F8-8AB7BEE6DA8C}.Debug|Any CPU.Build.0 = Debug|Any CPU
		{57BDAB08-F208-4958-B2F8-8AB7BEE6DA8C}.Release|Any CPU.ActiveCfg = Release|Any CPU
		{57BDAB08-F208-4958-B2F8-8AB7BEE6DA8C}.Release|Any CPU.Build.0 = Release|Any CPU
	EndGlobalSection
	GlobalSection(SolutionProperties) = preSolution
		HideSolutionNode = FALSE
	EndGlobalSection
	GlobalSection(ExtensibilityGlobals) = postSolution
		SolutionGuid = {0199A410-6903-499F-84C5-0B5229A1BA15}
	EndGlobalSection
EndGlobal
